
Microsoft Visual Studio Solution File, Format Version 12.00
# Visual Studio Version 16
VisualStudioVersion = 16.0.29418.71
MinimumVisualStudioVersion = 10.0.40219.1
Project("{9A19103F-16F7-4668-BE54-9A1E7A4F7556}") = "ActivityMonitor", "ActivityMonitor\ActivityMonitor.csproj", "{FA01EC33-4204-4634-B744-FD3C1465883E}"
EndProject
Project("{9A19103F-16F7-4668-BE54-9A1E7A4F7556}") = "ActivityMonitor.Database", "ActivityMonitor.Database\ActivityMonitor.Database.csproj", "{D38B4979-A120-42A7-94D0-11530891426E}"
EndProject
Project("{9A19103F-16F7-4668-BE54-9A1E7A4F7556}") = "ActivityMonitor.PMT", "ActivityMonitor.PMT\ActivityMonitor.PMT.csproj", "{BDF961CA-8E88-4D9C-9884-72A41AF93E43}"
EndProject
Project("{9A19103F-16F7-4668-BE54-9A1E7A4F7556}") = "TestActivity", "TestActivity\TestActivity.csproj", "{EE852CBF-AAB4-4C68-8A3C-5D433816C216}"
EndProject
Project("{FAE04EC0-301F-11D3-BF4B-00C04F79EFBC}") = "ActivityMonitor.GitHubInteraction", "ActivityMonitor.GitHubInteraction\ActivityMonitor.GitHubInteraction.csproj", "{D25AC629-7A38-4A22-8D68-B13C44D1A251}"
EndProject
Global
	GlobalSection(SolutionConfigurationPlatforms) = preSolution
		Debug|Any CPU = Debug|Any CPU
		Debug|ARM = Debug|ARM
		Debug|ARM64 = Debug|ARM64
		Debug|x64 = Debug|x64
		Debug|x86 = Debug|x86
		Release|Any CPU = Release|Any CPU
		Release|ARM = Release|ARM
		Release|ARM64 = Release|ARM64
		Release|x64 = Release|x64
		Release|x86 = Release|x86
	EndGlobalSection
	GlobalSection(ProjectConfigurationPlatforms) = postSolution
		{FA01EC33-4204-4634-B744-FD3C1465883E}.Debug|Any CPU.ActiveCfg = Debug|Any CPU
		{FA01EC33-4204-4634-B744-FD3C1465883E}.Debug|Any CPU.Build.0 = Debug|Any CPU
		{FA01EC33-4204-4634-B744-FD3C1465883E}.Debug|ARM.ActiveCfg = Debug|Any CPU
		{FA01EC33-4204-4634-B744-FD3C1465883E}.Debug|ARM.Build.0 = Debug|Any CPU
		{FA01EC33-4204-4634-B744-FD3C1465883E}.Debug|ARM64.ActiveCfg = Debug|Any CPU
		{FA01EC33-4204-4634-B744-FD3C1465883E}.Debug|ARM64.Build.0 = Debug|Any CPU
		{FA01EC33-4204-4634-B744-FD3C1465883E}.Debug|x64.ActiveCfg = Debug|Any CPU
		{FA01EC33-4204-4634-B744-FD3C1465883E}.Debug|x64.Build.0 = Debug|Any CPU
		{FA01EC33-4204-4634-B744-FD3C1465883E}.Debug|x86.ActiveCfg = Debug|Any CPU
		{FA01EC33-4204-4634-B744-FD3C1465883E}.Debug|x86.Build.0 = Debug|Any CPU
		{FA01EC33-4204-4634-B744-FD3C1465883E}.Release|Any CPU.ActiveCfg = Release|Any CPU
		{FA01EC33-4204-4634-B744-FD3C1465883E}.Release|Any CPU.Build.0 = Release|Any CPU
		{FA01EC33-4204-4634-B744-FD3C1465883E}.Release|ARM.ActiveCfg = Release|Any CPU
		{FA01EC33-4204-4634-B744-FD3C1465883E}.Release|ARM.Build.0 = Release|Any CPU
		{FA01EC33-4204-4634-B744-FD3C1465883E}.Release|ARM64.ActiveCfg = Release|Any CPU
		{FA01EC33-4204-4634-B744-FD3C1465883E}.Release|ARM64.Build.0 = Release|Any CPU
		{FA01EC33-4204-4634-B744-FD3C1465883E}.Release|x64.ActiveCfg = Release|Any CPU
		{FA01EC33-4204-4634-B744-FD3C1465883E}.Release|x64.Build.0 = Release|Any CPU
		{FA01EC33-4204-4634-B744-FD3C1465883E}.Release|x86.ActiveCfg = Release|Any CPU
		{FA01EC33-4204-4634-B744-FD3C1465883E}.Release|x86.Build.0 = Release|Any CPU
		{D38B4979-A120-42A7-94D0-11530891426E}.Debug|Any CPU.ActiveCfg = Debug|Any CPU
		{D38B4979-A120-42A7-94D0-11530891426E}.Debug|Any CPU.Build.0 = Debug|Any CPU
		{D38B4979-A120-42A7-94D0-11530891426E}.Debug|ARM.ActiveCfg = Debug|Any CPU
		{D38B4979-A120-42A7-94D0-11530891426E}.Debug|ARM.Build.0 = Debug|Any CPU
		{D38B4979-A120-42A7-94D0-11530891426E}.Debug|ARM64.ActiveCfg = Debug|Any CPU
		{D38B4979-A120-42A7-94D0-11530891426E}.Debug|ARM64.Build.0 = Debug|Any CPU
		{D38B4979-A120-42A7-94D0-11530891426E}.Debug|x64.ActiveCfg = Debug|Any CPU
		{D38B4979-A120-42A7-94D0-11530891426E}.Debug|x64.Build.0 = Debug|Any CPU
		{D38B4979-A120-42A7-94D0-11530891426E}.Debug|x86.ActiveCfg = Debug|Any CPU
		{D38B4979-A120-42A7-94D0-11530891426E}.Debug|x86.Build.0 = Debug|Any CPU
		{D38B4979-A120-42A7-94D0-11530891426E}.Release|Any CPU.ActiveCfg = Release|Any CPU
		{D38B4979-A120-42A7-94D0-11530891426E}.Release|Any CPU.Build.0 = Release|Any CPU
		{D38B4979-A120-42A7-94D0-11530891426E}.Release|ARM.ActiveCfg = Release|Any CPU
		{D38B4979-A120-42A7-94D0-11530891426E}.Release|ARM.Build.0 = Release|Any CPU
		{D38B4979-A120-42A7-94D0-11530891426E}.Release|ARM64.ActiveCfg = Release|Any CPU
		{D38B4979-A120-42A7-94D0-11530891426E}.Release|ARM64.Build.0 = Release|Any CPU
		{D38B4979-A120-42A7-94D0-11530891426E}.Release|x64.ActiveCfg = Release|Any CPU
		{D38B4979-A120-42A7-94D0-11530891426E}.Release|x64.Build.0 = Release|Any CPU
		{D38B4979-A120-42A7-94D0-11530891426E}.Release|x86.ActiveCfg = Release|Any CPU
		{D38B4979-A120-42A7-94D0-11530891426E}.Release|x86.Build.0 = Release|Any CPU
		{BDF961CA-8E88-4D9C-9884-72A41AF93E43}.Debug|Any CPU.ActiveCfg = Debug|Any CPU
		{BDF961CA-8E88-4D9C-9884-72A41AF93E43}.Debug|Any CPU.Build.0 = Debug|Any CPU
		{BDF961CA-8E88-4D9C-9884-72A41AF93E43}.Debug|ARM.ActiveCfg = Debug|Any CPU
		{BDF961CA-8E88-4D9C-9884-72A41AF93E43}.Debug|ARM.Build.0 = Debug|Any CPU
		{BDF961CA-8E88-4D9C-9884-72A41AF93E43}.Debug|ARM64.ActiveCfg = Debug|Any CPU
		{BDF961CA-8E88-4D9C-9884-72A41AF93E43}.Debug|ARM64.Build.0 = Debug|Any CPU
		{BDF961CA-8E88-4D9C-9884-72A41AF93E43}.Debug|x64.ActiveCfg = Debug|Any CPU
		{BDF961CA-8E88-4D9C-9884-72A41AF93E43}.Debug|x64.Build.0 = Debug|Any CPU
		{BDF961CA-8E88-4D9C-9884-72A41AF93E43}.Debug|x86.ActiveCfg = Debug|Any CPU
		{BDF961CA-8E88-4D9C-9884-72A41AF93E43}.Debug|x86.Build.0 = Debug|Any CPU
		{BDF961CA-8E88-4D9C-9884-72A41AF93E43}.Release|Any CPU.ActiveCfg = Release|Any CPU
		{BDF961CA-8E88-4D9C-9884-72A41AF93E43}.Release|Any CPU.Build.0 = Release|Any CPU
		{BDF961CA-8E88-4D9C-9884-72A41AF93E43}.Release|ARM.ActiveCfg = Release|Any CPU
		{BDF961CA-8E88-4D9C-9884-72A41AF93E43}.Release|ARM.Build.0 = Release|Any CPU
		{BDF961CA-8E88-4D9C-9884-72A41AF93E43}.Release|ARM64.ActiveCfg = Release|Any CPU
		{BDF961CA-8E88-4D9C-9884-72A41AF93E43}.Release|ARM64.Build.0 = Release|Any CPU
		{BDF961CA-8E88-4D9C-9884-72A41AF93E43}.Release|x64.ActiveCfg = Release|Any CPU
		{BDF961CA-8E88-4D9C-9884-72A41AF93E43}.Release|x64.Build.0 = Release|Any CPU
		{BDF961CA-8E88-4D9C-9884-72A41AF93E43}.Release|x86.ActiveCfg = Release|Any CPU
		{BDF961CA-8E88-4D9C-9884-72A41AF93E43}.Release|x86.Build.0 = Release|Any CPU
		{EE852CBF-AAB4-4C68-8A3C-5D433816C216}.Debug|Any CPU.ActiveCfg = Debug|Any CPU
		{EE852CBF-AAB4-4C68-8A3C-5D433816C216}.Debug|Any CPU.Build.0 = Debug|Any CPU
		{EE852CBF-AAB4-4C68-8A3C-5D433816C216}.Debug|ARM.ActiveCfg = Debug|Any CPU
		{EE852CBF-AAB4-4C68-8A3C-5D433816C216}.Debug|ARM.Build.0 = Debug|Any CPU
		{EE852CBF-AAB4-4C68-8A3C-5D433816C216}.Debug|ARM64.ActiveCfg = Debug|Any CPU
		{EE852CBF-AAB4-4C68-8A3C-5D433816C216}.Debug|ARM64.Build.0 = Debug|Any CPU
		{EE852CBF-AAB4-4C68-8A3C-5D433816C216}.Debug|x64.ActiveCfg = Debug|Any CPU
		{EE852CBF-AAB4-4C68-8A3C-5D433816C216}.Debug|x64.Build.0 = Debug|Any CPU
		{EE852CBF-AAB4-4C68-8A3C-5D433816C216}.Debug|x86.ActiveCfg = Debug|Any CPU
		{EE852CBF-AAB4-4C68-8A3C-5D433816C216}.Debug|x86.Build.0 = Debug|Any CPU
		{EE852CBF-AAB4-4C68-8A3C-5D433816C216}.Release|Any CPU.ActiveCfg = Release|Any CPU
		{EE852CBF-AAB4-4C68-8A3C-5D433816C216}.Release|Any CPU.Build.0 = Release|Any CPU
		{EE852CBF-AAB4-4C68-8A3C-5D433816C216}.Release|ARM.ActiveCfg = Release|Any CPU
		{EE852CBF-AAB4-4C68-8A3C-5D433816C216}.Release|ARM.Build.0 = Release|Any CPU
		{EE852CBF-AAB4-4C68-8A3C-5D433816C216}.Release|ARM64.ActiveCfg = Release|Any CPU
		{EE852CBF-AAB4-4C68-8A3C-5D433816C216}.Release|ARM64.Build.0 = Release|Any CPU
		{EE852CBF-AAB4-4C68-8A3C-5D433816C216}.Release|x64.ActiveCfg = Release|Any CPU
		{EE852CBF-AAB4-4C68-8A3C-5D433816C216}.Release|x64.Build.0 = Release|Any CPU
		{EE852CBF-AAB4-4C68-8A3C-5D433816C216}.Release|x86.ActiveCfg = Release|Any CPU
		{EE852CBF-AAB4-4C68-8A3C-5D433816C216}.Release|x86.Build.0 = Release|Any CPU
		{D25AC629-7A38-4A22-8D68-B13C44D1A251}.Debug|Any CPU.ActiveCfg = Debug|Any CPU
		{D25AC629-7A38-4A22-8D68-B13C44D1A251}.Debug|Any CPU.Build.0 = Debug|Any CPU
		{D25AC629-7A38-4A22-8D68-B13C44D1A251}.Debug|ARM.ActiveCfg = Debug|Any CPU
		{D25AC629-7A38-4A22-8D68-B13C44D1A251}.Debug|ARM.Build.0 = Debug|Any CPU
		{D25AC629-7A38-4A22-8D68-B13C44D1A251}.Debug|ARM64.ActiveCfg = Debug|Any CPU
		{D25AC629-7A38-4A22-8D68-B13C44D1A251}.Debug|ARM64.Build.0 = Debug|Any CPU
		{D25AC629-7A38-4A22-8D68-B13C44D1A251}.Debug|x64.ActiveCfg = Debug|Any CPU
		{D25AC629-7A38-4A22-8D68-B13C44D1A251}.Debug|x64.Build.0 = Debug|Any CPU
		{D25AC629-7A38-4A22-8D68-B13C44D1A251}.Debug|x86.ActiveCfg = Debug|Any CPU
		{D25AC629-7A38-4A22-8D68-B13C44D1A251}.Debug|x86.Build.0 = Debug|Any CPU
		{D25AC629-7A38-4A22-8D68-B13C44D1A251}.Release|Any CPU.ActiveCfg = Release|Any CPU
		{D25AC629-7A38-4A22-8D68-B13C44D1A251}.Release|Any CPU.Build.0 = Release|Any CPU
		{D25AC629-7A38-4A22-8D68-B13C44D1A251}.Release|ARM.ActiveCfg = Release|Any CPU
		{D25AC629-7A38-4A22-8D68-B13C44D1A251}.Release|ARM.Build.0 = Release|Any CPU
		{D25AC629-7A38-4A22-8D68-B13C44D1A251}.Release|ARM64.ActiveCfg = Release|Any CPU
		{D25AC629-7A38-4A22-8D68-B13C44D1A251}.Release|ARM64.Build.0 = Release|Any CPU
		{D25AC629-7A38-4A22-8D68-B13C44D1A251}.Release|x64.ActiveCfg = Release|Any CPU
		{D25AC629-7A38-4A22-8D68-B13C44D1A251}.Release|x64.Build.0 = Release|Any CPU
		{D25AC629-7A38-4A22-8D68-B13C44D1A251}.Release|x86.ActiveCfg = Release|Any CPU
		{D25AC629-7A38-4A22-8D68-B13C44D1A251}.Release|x86.Build.0 = Release|Any CPU
	EndGlobalSection
	GlobalSection(SolutionProperties) = preSolution
		HideSolutionNode = FALSE
	EndGlobalSection
	GlobalSection(ExtensibilityGlobals) = postSolution
		SolutionGuid = {391C71FF-AA40-40B5-BD36-D21DDEAC07B6}
	EndGlobalSection
EndGlobal
